
Microsoft Visual Studio Solution File, Format Version 12.00
# Visual Studio Version 18
VisualStudioVersion = 18.3.11312.210 d18.3
MinimumVisualStudioVersion = 10.0.40219.1
Project("{FAE04EC0-301F-11D3-BF4B-00C04F79EFBC}") = "StudentAdWindowsApp", "StudentAdWindowsApp.csproj", "{9463447F-FECC-7E1B-9B6C-A19A5642AD0F}"
EndProject
Global
	GlobalSection(SolutionConfigurationPlatforms) = preSolution
		Debug|Any CPU = Debug|Any CPU
		Release|Any CPU = Release|Any CPU
	EndGlobalSection
	GlobalSection(ProjectConfigurationPlatforms) = postSolution
		{9463447F-FECC-7E1B-9B6C-A19A5642AD0F}.Debug|Any CPU.ActiveCfg = Debug|Any CPU
		{9463447F-FECC-7E1B-9B6C-A19A5642AD0F}.Debug|Any CPU.Build.0 = Debug|Any CPU
		{9463447F-FECC-7E1B-9B6C-A19A5642AD0F}.Release|Any CPU.ActiveCfg = Release|Any CPU
		{9463447F-FECC-7E1B-9B6C-A19A5642AD0F}.Release|Any CPU.Build.0 = Release|Any CPU
	EndGlobalSection
	GlobalSection(SolutionProperties) = preSolution
		HideSolutionNode = FALSE
	EndGlobalSection
	GlobalSection(ExtensibilityGlobals) = postSolution
		SolutionGuid = {4DB826BB-F003-4F31-9970-D67A317F8A7C}
	EndGlobalSection
EndGlobal
